# THIS IS AN AUTOGENERATED FILE. DO NOT EDIT THIS FILE DIRECTLY.
# yarn lockfile v1


"@tootallnate/once@1":
  "integrity" "sha1-zLkURTYBeaBOf+av94wA/8Hur4I= sha512-RbzJvlNzmRq5c3O09UipeuXno4tA1FE6ikOjxZK0tuxVv3412l64l5t1W5pj4+rJq9vpkm/kwiR07aZXnsKPxw=="
  "resolved" "https://registry.npm.taobao.org/@tootallnate/once/download/@tootallnate/once-1.1.2.tgz?cache=0&sync_timestamp=1587484292533&other_urls=https%3A%2F%2Fregistry.npm.taobao.org%2F%40tootallnate%2Fonce%2Fdownload%2F%40tootallnate%2Fonce-1.1.2.tgz"
  "version" "1.1.2"

"@types/mocha@^2.2.32":
  "integrity" "sha1-NSOxJqCwSUguHDwRh3Rg92Yi/6s= sha512-nlK/iyETgafGli8Zh9zJVCTicvU3iajSkRwOh3Hhiva598CMqNJ4NcVCGMTGKpGpTYj/9R8RLzS9NAykSSCqGw=="
  "resolved" "https://registry.npm.taobao.org/@types/mocha/download/@types/mocha-2.2.48.tgz?cache=0&sync_timestamp=1607440833242&other_urls=https%3A%2F%2Fregistry.npm.taobao.org%2F%40types%2Fmocha%2Fdownload%2F%40types%2Fmocha-2.2.48.tgz"
  "version" "2.2.48"

"@types/node@^14.14.12":
  "integrity" "sha1-Cx2G+MQBQQkShd6gLklA33O7pD8= sha512-ASH8OPHMNlkdjrEdmoILmzFfsJICvhBsFfAum4aKZ/9U4B6M6tTmTPh+f3ttWdD74CEGV5XvXWkbyfSdXaTd7g=="
  "resolved" "https://registry.npm.taobao.org/@types/node/download/@types/node-14.14.12.tgz?cache=0&sync_timestamp=1607590769174&other_urls=https%3A%2F%2Fregistry.npm.taobao.org%2F%40types%2Fnode%2Fdownload%2F%40types%2Fnode-14.14.12.tgz"
  "version" "14.14.12"

"agent-base@^4.3.0", "agent-base@4":
  "integrity" "sha1-gWXwHENgCbzK0LHRIvBe13Dvxu4= sha512-salcGninV0nPrwpGNn4VTXBb1SOuXQBiqbrNXoeizJsHrsL6ERFM2Ne3JUSBWRE6aeNJI2ROP/WEEIDUiDe3cg=="
  "resolved" "https://registry.npm.taobao.org/agent-base/download/agent-base-4.3.0.tgz"
  "version" "4.3.0"
  dependencies:
    "es6-promisify" "^5.0.0"

"agent-base@6":
  "integrity" "sha1-Sf/1hXfP7j83F2/qtMIuAPhtf3c= sha512-RZNwNclF7+MS/8bDg70amg32dyeZGZxiDuQmZxKLAlQjr3jGyLx+4Kkk58UO7D2QdgFIQCovuSuZESne6RG6XQ=="
  "resolved" "https://registry.npm.taobao.org/agent-base/download/agent-base-6.0.2.tgz"
  "version" "6.0.2"
  dependencies:
    "debug" "4"

"balanced-match@^1.0.0":
  "integrity" "sha1-ibTRmasr7kneFk6gK4nORi1xt2c= sha512-9Y0g0Q8rmSt+H33DfKv7FOc3v+iRI+o1lbzt8jGcIosYW37IIW/2XVYq5NPdmaD5NQ59Nk26Kl/vZbwW9Fr8vg=="
  "resolved" "https://registry.npm.taobao.org/balanced-match/download/balanced-match-1.0.0.tgz"
  "version" "1.0.0"

"brace-expansion@^1.1.7":
  "integrity" "sha1-PH/L9SnYcibz0vUrlm/1Jx60Qd0="
  "resolved" "https://registry.npm.taobao.org/brace-expansion/download/brace-expansion-1.1.11.tgz?cache=0&sync_timestamp=1601898312720&other_urls=https%3A%2F%2Fregistry.npm.taobao.org%2Fbrace-expansion%2Fdownload%2Fbrace-expansion-1.1.11.tgz"
  "version" "1.1.11"
  dependencies:
    "balanced-match" "^1.0.0"
    "concat-map" "0.0.1"

"browser-stdout@1.3.1":
  "integrity" "sha1-uqVZ7hTO1zRSIputcyZGfGH6vWA= sha512-qhAVI1+Av2X7qelOfAIYwXONood6XlZE/fXaBSmW/T5SzLAmCgzi+eiWE7fUvbHaeNBQH13UftjpXxsfLkMpgw=="
  "resolved" "https://registry.npm.taobao.org/browser-stdout/download/browser-stdout-1.3.1.tgz"
  "version" "1.3.1"

"buffer-from@^1.0.0":
  "integrity" "sha1-MnE7wCj3XAL9txDXx7zsHyxgcO8="
  "resolved" "https://registry.npm.taobao.org/buffer-from/download/buffer-from-1.1.1.tgz"
  "version" "1.1.1"

"commander@0.6.1":
  "integrity" "sha1-+mihT2qUXVTbvlDYzbMyDp47GgY= sha512-0fLycpl1UMTGX257hRsu/arL/cUbcvQM4zMKwvLvzXtfdezIV4yotPS2dYtknF+NmEfWSoCEF6+hj9XLm/6hEw=="
  "resolved" "https://registry.npm.taobao.org/commander/download/commander-0.6.1.tgz"
  "version" "0.6.1"

"commander@2.15.1":
  "integrity" "sha1-30boZ9D8Kuxmo0ZitAapzK//Ww8= sha512-VlfT9F3V0v+jr4yxPc5gg9s62/fIVWsd2Bk2iD435um1NlGMYdVCq+MjcXnhYq2icNOizHr1kK+5TI6H0Hy0ag=="
  "resolved" "https://registry.npm.taobao.org/commander/download/commander-2.15.1.tgz"
  "version" "2.15.1"

"commander@2.3.0":
  "integrity" "sha1-/UMOiJgy7DU7ms0d4hfBHLPu+HM= sha512-CD452fnk0jQyk3NfnK+KkR/hUPoHt5pVaKHogtyyv3N0U4QfAal9W0/rXLOg/vVZgQKa7jdtXypKs1YAip11uQ=="
  "resolved" "https://registry.npm.taobao.org/commander/download/commander-2.3.0.tgz"
  "version" "2.3.0"

"concat-map@0.0.1":
  "integrity" "sha1-2Klr13/Wjfd5OnMDajug1UBdR3s="
  "resolved" "https://registry.npm.taobao.org/concat-map/download/concat-map-0.0.1.tgz"
  "version" "0.0.1"

"debug@^3.1.0", "debug@3.1.0":
  "integrity" "sha1-W7WgZyYotkFJVmuhaBnmFRjGcmE= sha512-OX8XqP7/1a9cqkxYw2yXss15f26NKWBpDXQd0/uK/KPqdQhxbPa994hnzjcE2VqQpDslf55723cKPUOGSmMY3g=="
  "resolved" "https://registry.npm.taobao.org/debug/download/debug-3.1.0.tgz?cache=0&sync_timestamp=1607566939528&other_urls=https%3A%2F%2Fregistry.npm.taobao.org%2Fdebug%2Fdownload%2Fdebug-3.1.0.tgz"
  "version" "3.1.0"
  dependencies:
    "ms" "2.0.0"

"debug@2.2.0":
  "integrity" "sha1-+HBX6ZWxofauaklgZkE3vFbwOdo= sha512-X0rGvJcskG1c3TgSCPqHJ0XJgwlcvOC7elJ5Y0hYuKBZoVqWpAMfLOeIh2UI/DCQ5ruodIjvsugZtjUYUw2pUw=="
  "resolved" "https://registry.npm.taobao.org/debug/download/debug-2.2.0.tgz?cache=0&sync_timestamp=1607566939528&other_urls=https%3A%2F%2Fregistry.npm.taobao.org%2Fdebug%2Fdownload%2Fdebug-2.2.0.tgz"
  "version" "2.2.0"
  dependencies:
    "ms" "0.7.1"

"debug@4":
  "integrity" "sha1-8NIpxQXgxtjEmsVT0bE9wYP2su4= sha512-doEwdvm4PCeK4K3RQN2ZC2BYUBaxwLARCqZmMjtF8a51J2Rb0xpVloFRnCODwqjpwnAoao4pelN8l3RJdv3gRQ=="
  "resolved" "https://registry.npm.taobao.org/debug/download/debug-4.3.1.tgz?cache=0&sync_timestamp=1607566939528&other_urls=https%3A%2F%2Fregistry.npm.taobao.org%2Fdebug%2Fdownload%2Fdebug-4.3.1.tgz"
  "version" "4.3.1"
  dependencies:
    "ms" "2.1.2"

"diff@1.4.0":
  "integrity" "sha1-fyjS657nsVqX79ic5j3P2qPMur8= sha512-VzVc42hMZbYU9Sx/ltb7KYuQ6pqAw+cbFWVy4XKdkuEL2CFaRLGEnISPs7YdzaUGpi+CpIqvRmu7hPQ4T7EQ5w=="
  "resolved" "https://registry.npm.taobao.org/diff/download/diff-1.4.0.tgz"
  "version" "1.4.0"

"diff@3.5.0":
  "integrity" "sha1-gAwN0eCov7yVg1wgKtIg/jF+WhI= sha512-A46qtFgd+g7pDZinpnwiRJtxbC1hpgf0uzP3iG89scHk0AUC7A1TGxf5OiiOUv/JMZR8GOt8hL900hV0bOy5xA=="
  "resolved" "https://registry.npm.taobao.org/diff/download/diff-3.5.0.tgz"
  "version" "3.5.0"

"es6-promise@^4.0.3":
  "integrity" "sha1-TrIVlMlyvEBVPSduUQU5FD21Pgo= sha512-HJDGx5daxeIvxdBxvG2cb9g4tEvwIk3i8+nhX0yGrYmZUzbkdg8QbDevheDB8gd0//uPj4c1EQua8Q+MViT0/w=="
  "resolved" "https://registry.npm.taobao.org/es6-promise/download/es6-promise-4.2.8.tgz"
  "version" "4.2.8"

"es6-promisify@^5.0.0":
  "integrity" "sha1-UQnWLz5W6pZ8S2NQWu8IKRyKUgM= sha512-C+d6UdsYDk0lMebHNR4S2NybQMMngAOnOwYBQjTOiv0MkoJMP0Myw2mgpDLBcpfCmRLxyFqYhS/CfOENq4SJhQ=="
  "resolved" "https://registry.npm.taobao.org/es6-promisify/download/es6-promisify-5.0.0.tgz"
  "version" "5.0.0"
  dependencies:
    "es6-promise" "^4.0.3"

"escape-string-regexp@1.0.2":
  "integrity" "sha1-Tbwv5nTnGUnK8/smlc5/LcHZqNE= sha512-cQpUid7bdTUnFin8S7BnNdOk+/eDqQmKgCANSyd/jAhrKEvxUvr9VQ8XZzXiOtest8NLfk3FSBZzwvemZNQ6Vg=="
  "resolved" "https://registry.npm.taobao.org/escape-string-regexp/download/escape-string-regexp-1.0.2.tgz"
  "version" "1.0.2"

"escape-string-regexp@1.0.5":
  "integrity" "sha1-G2HAViGQqN/2rjuyzwIAyhMLhtQ="
  "resolved" "https://registry.npm.taobao.org/escape-string-regexp/download/escape-string-regexp-1.0.5.tgz"
  "version" "1.0.5"

"fs.realpath@^1.0.0":
  "integrity" "sha1-FQStJSMVjKpA20onh8sBQRmU6k8="
  "resolved" "https://registry.npm.taobao.org/fs.realpath/download/fs.realpath-1.0.0.tgz"
  "version" "1.0.0"

"glob@^7.1.2":
  "integrity" "sha1-FB8zuBp8JJLhJVlDB0gMRmeSeKY= sha512-LwaxwyZ72Lk7vZINtNNrywX0ZuLyStrdDtabefZKAY5ZGJhVtgdznluResxNmPitE0SAO+O26sWTHeKSI2wMBA=="
  "resolved" "https://registry.npm.taobao.org/glob/download/glob-7.1.6.tgz?cache=0&other_urls=https%3A%2F%2Fregistry.npm.taobao.org%2Fglob%2Fdownload%2Fglob-7.1.6.tgz"
  "version" "7.1.6"
  dependencies:
    "fs.realpath" "^1.0.0"
    "inflight" "^1.0.4"
    "inherits" "2"
    "minimatch" "^3.0.4"
    "once" "^1.3.0"
    "path-is-absolute" "^1.0.0"

"glob@3.2.11":
  "integrity" "sha1-Spc/Y1uRkPcV0QmH1cAP0oFevj0= sha512-hVb0zwEZwC1FXSKRPFTeOtN7AArJcJlI6ULGLtrstaswKNlrTJqAA+1lYlSUop4vjA423xlBzqfVS3iWGlqJ+g=="
  "resolved" "https://registry.npm.taobao.org/glob/download/glob-3.2.11.tgz?cache=0&other_urls=https%3A%2F%2Fregistry.npm.taobao.org%2Fglob%2Fdownload%2Fglob-3.2.11.tgz"
  "version" "3.2.11"
  dependencies:
    "inherits" "2"
    "minimatch" "0.3"

"glob@7.1.2":
  "integrity" "sha1-wZyd+aAocC1nhhI4SmVSQExjbRU= sha512-MJTUg1kjuLeQCJ+ccE4Vpa6kKVXkPYJ2mOCQyUuKLcLQsdrMCpBPUi8qVE6+YuaJkozeA9NusTAw3hLr8Xe5EQ=="
  "resolved" "https://registry.npm.taobao.org/glob/download/glob-7.1.2.tgz?cache=0&other_urls=https%3A%2F%2Fregistry.npm.taobao.org%2Fglob%2Fdownload%2Fglob-7.1.2.tgz"
  "version" "7.1.2"
  dependencies:
    "fs.realpath" "^1.0.0"
    "inflight" "^1.0.4"
    "inherits" "2"
    "minimatch" "^3.0.4"
    "once" "^1.3.0"
    "path-is-absolute" "^1.0.0"

"growl@1.10.5":
  "integrity" "sha1-8nNdwig2dPpnR4sQGBBZNVw2nl4= sha512-qBr4OuELkhPenW6goKVXiv47US3clb3/IbuWF9KNKEijAy9oeHxU9IgzjvJhHkUzhaj7rOUD7+YGWqUjLp5oSA=="
  "resolved" "https://registry.npm.taobao.org/growl/download/growl-1.10.5.tgz"
  "version" "1.10.5"

"growl@1.9.2":
  "integrity" "sha1-Dqd0NxXbjY3ixe3hd14bRayFwC8= sha512-RTBwDHhNuOx4F0hqzItc/siXCasGfC4DeWcBamclWd+6jWtBaeB/SGbMkGf0eiQoW7ib8JpvOgnUsmgMHI3Mfw=="
  "resolved" "https://registry.npm.taobao.org/growl/download/growl-1.9.2.tgz"
  "version" "1.9.2"

"has-flag@^3.0.0":
  "integrity" "sha1-tdRU3CGZriJWmfNGfloH87lVuv0="
  "resolved" "https://registry.npm.taobao.org/has-flag/download/has-flag-3.0.0.tgz"
  "version" "3.0.0"

"he@1.1.1":
  "integrity" "sha1-k0EP0hsAlzUVH4howvJx80J+I/0= sha512-z/GDPjlRMNOa2XJiB4em8wJpuuBfrFOlYKTZxtpkdr1uPdibHI8rYA3MY0KDObpVyaes0e/aunid/t88ZI2EKA=="
  "resolved" "https://registry.npm.taobao.org/he/download/he-1.1.1.tgz"
  "version" "1.1.1"

"http-proxy-agent@^2.1.0":
  "integrity" "sha1-5IIb7vWyFCogJr1zkm/lN2McVAU= sha512-qwHbBLV7WviBl0rQsOzH6o5lwyOIvwp/BdFnvVxXORldu5TmjFfjzBcWUWS5kWAZhmv+JtiDhSuQCp4sBfbIgg=="
  "resolved" "https://registry.npm.taobao.org/http-proxy-agent/download/http-proxy-agent-2.1.0.tgz"
  "version" "2.1.0"
  dependencies:
    "agent-base" "4"
    "debug" "3.1.0"

"http-proxy-agent@^4.0.1":
  "integrity" "sha1-ioyO9/WTLM+VPClsqCkblap0qjo= sha512-k0zdNgqWTGA6aeIRVpvfVob4fL52dTfaehylg0Y4UvSySvOq/Y+BOyPrgpUrA7HylqvU8vIZGsRuXmspskV0Tg=="
  "resolved" "https://registry.npm.taobao.org/http-proxy-agent/download/http-proxy-agent-4.0.1.tgz"
  "version" "4.0.1"
  dependencies:
    "@tootallnate/once" "1"
    "agent-base" "6"
    "debug" "4"

"https-proxy-agent@^2.2.1":
  "integrity" "sha1-TuenN6vZJniik9mzShr00NCMeHs= sha512-OmvfoQ53WLjtA9HeYP9RNrWMJzzAz1JGaSFr1nijg0PVR1JaD/xbJq1mdEIIlxGpXp9eSe/O2LgU9DJmTPd0Eg=="
  "resolved" "https://registry.npm.taobao.org/https-proxy-agent/download/https-proxy-agent-2.2.4.tgz"
  "version" "2.2.4"
  dependencies:
    "agent-base" "^4.3.0"
    "debug" "^3.1.0"

"https-proxy-agent@^5.0.0":
  "integrity" "sha1-4qkFQqu2inYuCghQ9sntrf2FBrI= sha512-EkYm5BcKUGiduxzSt3Eppko+PiNWNEpa4ySk9vTC6wDsQJW9rHSa+UhGNJoRYp7bz6Ht1eaRIa6QaJqO5rCFbA=="
  "resolved" "https://registry.npm.taobao.org/https-proxy-agent/download/https-proxy-agent-5.0.0.tgz"
  "version" "5.0.0"
  dependencies:
    "agent-base" "6"
    "debug" "4"

"inflight@^1.0.4":
  "integrity" "sha1-Sb1jMdfQLQwJvJEKEHW6gWW1bfk="
  "resolved" "https://registry.npm.taobao.org/inflight/download/inflight-1.0.6.tgz"
  "version" "1.0.6"
  dependencies:
    "once" "^1.3.0"
    "wrappy" "1"

"inherits@2":
  "integrity" "sha1-D6LGT5MpF8NDOg3tVTY6rjdBa3w="
  "resolved" "https://registry.npm.taobao.org/inherits/download/inherits-2.0.4.tgz"
  "version" "2.0.4"

"jade@0.26.3":
  "integrity" "sha1-jxDXl32NefL2/4YqgbBRPMslaGw= sha512-mkk3vzUHFjzKjpCXeu+IjXeZD+QOTjUUdubgmHtHTDwvAO2ZTkMTTVrapts5CWz3JvJryh/4KWZpjeZrCepZ3A=="
  "resolved" "https://registry.npm.taobao.org/jade/download/jade-0.26.3.tgz"
  "version" "0.26.3"
  dependencies:
    "commander" "0.6.1"
    "mkdirp" "0.3.0"

"lru-cache@2":
  "integrity" "sha1-bUUk6LlV+V1PW1iFHOId1y+06VI="
  "resolved" "https://registry.npm.taobao.org/lru-cache/download/lru-cache-2.7.3.tgz?cache=0&sync_timestamp=1594427700888&other_urls=https%3A%2F%2Fregistry.npm.taobao.org%2Flru-cache%2Fdownload%2Flru-cache-2.7.3.tgz"
  "version" "2.7.3"

"minimatch@^3.0.4", "minimatch@3.0.4":
  "integrity" "sha1-UWbihkV/AzBgZL5Ul+jbsMPTIIM="
  "resolved" "https://registry.npm.taobao.org/minimatch/download/minimatch-3.0.4.tgz"
  "version" "3.0.4"
  dependencies:
    "brace-expansion" "^1.1.7"

"minimatch@0.3":
  "integrity" "sha1-J12O2qxPG7MyZHIInnlJyDlGmd0= sha512-WFX1jI1AaxNTZVOHLBVazwTWKaQjoykSzCBNXB72vDTCzopQGtyP91tKdFK5cv1+qMwPyiTu1HqUriqplI8pcA=="
  "resolved" "https://registry.npm.taobao.org/minimatch/download/minimatch-0.3.0.tgz"
  "version" "0.3.0"
  dependencies:
    "lru-cache" "2"
    "sigmund" "~1.0.0"

"minimist@0.0.8":
  "integrity" "sha1-hX/Kv8M5fSYluCKCYuhqp6ARsF0= sha512-miQKw5Hv4NS1Psg2517mV4e4dYNaO3++hjAvLOAzKqZ61rH8NS1SK+vbfBWZ5PY/Me/bEWhUwqMghEW5Fb9T7Q=="
  "resolved" "https://registry.npm.taobao.org/minimist/download/minimist-0.0.8.tgz"
  "version" "0.0.8"

"mkdirp@0.3.0":
  "integrity" "sha1-G79asbqCevI1dRQ0kEJkVfSB/h4= sha512-OHsdUcVAQ6pOtg5JYWpCBo9W/GySVuwvP9hueRMW7UqshC0tbfzLv8wjySTPm3tfUZ/21CE9E1pJagOA91Pxew=="
  "resolved" "https://registry.npm.taobao.org/mkdirp/download/mkdirp-0.3.0.tgz"
  "version" "0.3.0"

"mkdirp@0.5.1":
  "integrity" "sha1-MAV0OOrGz3+MR2fzhkjWaX11yQM= sha512-SknJC52obPfGQPnjIkXbmA6+5H15E+fR+E4iR2oQ3zzCLbd7/ONua69R/Gw7AgkTLsRG+r5fzksYwWe1AgTyWA=="
  "resolved" "https://registry.npm.taobao.org/mkdirp/download/mkdirp-0.5.1.tgz"
  "version" "0.5.1"
  dependencies:
    "minimist" "0.0.8"

"mocha@^2.3.3":
  "integrity" "sha1-FhvlvetJZ3HrmzV0UFC2IrWu/Fg= sha512-jNt2iEk9FPmZLzL+sm4FNyOIDYXf2wUU6L4Cc8OIKK/kzgMHKPi4YhTZqG4bW4kQVdIv6wutDybRhXfdnujA1Q=="
  "resolved" "https://registry.npm.taobao.org/mocha/download/mocha-2.5.3.tgz"
  "version" "2.5.3"
  dependencies:
    "commander" "2.3.0"
    "debug" "2.2.0"
    "diff" "1.4.0"
    "escape-string-regexp" "1.0.2"
    "glob" "3.2.11"
    "growl" "1.9.2"
    "jade" "0.26.3"
    "mkdirp" "0.5.1"
    "supports-color" "1.2.0"
    "to-iso-string" "0.0.2"

"mocha@^5.2.0":
  "integrity" "sha1-bYrlCPWRZ/lA8rWzxKYSrlDJCuY= sha512-2IUgKDhc3J7Uug+FxMXuqIyYzH7gJjXECKe/w43IGgQHTSj3InJi+yAA7T24L9bQMRKiUEHxEX37G5JpVUGLcQ=="
  "resolved" "https://registry.npm.taobao.org/mocha/download/mocha-5.2.0.tgz"
  "version" "5.2.0"
  dependencies:
    "browser-stdout" "1.3.1"
    "commander" "2.15.1"
    "debug" "3.1.0"
    "diff" "3.5.0"
    "escape-string-regexp" "1.0.5"
    "glob" "7.1.2"
    "growl" "1.10.5"
    "he" "1.1.1"
    "minimatch" "3.0.4"
    "mkdirp" "0.5.1"
    "supports-color" "5.4.0"

"ms@0.7.1":
  "integrity" "sha1-nNE8A62/8ltl7/3nzoZO6VIBcJg= sha512-lRLiIR9fSNpnP6TC4v8+4OU7oStC01esuNowdQ34L+Gk8e5Puoc88IqJ+XAY/B3Mn2ZKis8l8HX90oU8ivzUHg=="
  "resolved" "https://registry.npm.taobao.org/ms/download/ms-0.7.1.tgz?cache=0&sync_timestamp=1607433919070&other_urls=https%3A%2F%2Fregistry.npm.taobao.org%2Fms%2Fdownload%2Fms-0.7.1.tgz"
  "version" "0.7.1"

"ms@2.0.0":
  "integrity" "sha1-VgiurfwAvmwpAd9fmGF4jeDVl8g="
  "resolved" "https://registry.npm.taobao.org/ms/download/ms-2.0.0.tgz?cache=0&sync_timestamp=1607433919070&other_urls=https%3A%2F%2Fregistry.npm.taobao.org%2Fms%2Fdownload%2Fms-2.0.0.tgz"
  "version" "2.0.0"

"ms@2.1.2":
  "integrity" "sha1-0J0fNXtEP0kzgqjrPM0YOHKuYAk="
  "resolved" "https://registry.npm.taobao.org/ms/download/ms-2.1.2.tgz?cache=0&sync_timestamp=1607433919070&other_urls=https%3A%2F%2Fregistry.npm.taobao.org%2Fms%2Fdownload%2Fms-2.1.2.tgz"
  "version" "2.1.2"

"once@^1.3.0":
  "integrity" "sha1-WDsap3WWHUsROsF9nFC6753Xa9E="
  "resolved" "https://registry.npm.taobao.org/once/download/once-1.4.0.tgz"
  "version" "1.4.0"
  dependencies:
    "wrappy" "1"

"path-is-absolute@^1.0.0":
  "integrity" "sha1-F0uSaHNVNP+8es5r9TpanhtcX18="
  "resolved" "https://registry.npm.taobao.org/path-is-absolute/download/path-is-absolute-1.0.1.tgz"
  "version" "1.0.1"

"semver@^5.4.1":
  "integrity" "sha1-qVT5Ma66UI0we78Gnv8MAclhFvc="
  "resolved" "https://registry.npm.taobao.org/semver/download/semver-5.7.1.tgz?cache=0&sync_timestamp=1606852104133&other_urls=https%3A%2F%2Fregistry.npm.taobao.org%2Fsemver%2Fdownload%2Fsemver-5.7.1.tgz"
  "version" "5.7.1"

"sigmund@~1.0.0":
  "integrity" "sha1-P/IfGYytIXX587eBhT/ZTQ0ZtZA="
  "resolved" "https://registry.npm.taobao.org/sigmund/download/sigmund-1.0.1.tgz"
  "version" "1.0.1"

"source-map-support@^0.5.0":
  "integrity" "sha1-qYti+G3K9PZzmWSMCFKRq56P7WE= sha512-Wonm7zOCIJzBGQdB+thsPar0kYuCIzYvxZwlBa87yi/Mdjv7Tip2cyVbLj5o0cFPN4EVkuTwb3GDDyUx2DGnGw=="
  "resolved" "https://registry.npm.taobao.org/source-map-support/download/source-map-support-0.5.19.tgz"
  "version" "0.5.19"
  dependencies:
    "buffer-from" "^1.0.0"
    "source-map" "^0.6.0"

"source-map@^0.6.0":
  "integrity" "sha1-dHIq8y6WFOnCh6jQu95IteLxomM="
  "resolved" "https://registry.npm.taobao.org/source-map/download/source-map-0.6.1.tgz"
  "version" "0.6.1"

"supports-color@1.2.0":
  "integrity" "sha1-/x7R5hFp0Gs88tWI4YixjYhH4X4= sha512-mS5xsnjTh5b7f2DM6bch6lR582UCOTphzINlZnDsfpIRrwI6r58rb6YSSGsdexkm8qw2bBVO2ID2fnJOTuLiPA=="
  "resolved" "https://registry.npm.taobao.org/supports-color/download/supports-color-1.2.0.tgz?cache=0&sync_timestamp=1606205132132&other_urls=https%3A%2F%2Fregistry.npm.taobao.org%2Fsupports-color%2Fdownload%2Fsupports-color-1.2.0.tgz"
  "version" "1.2.0"

"supports-color@5.4.0":
  "integrity" "sha1-HGszdALCE3YF7+GfEP7DkPb6q1Q= sha512-zjaXglF5nnWpsq470jSv6P9DwPvgLkuapYmfDm3JWOm0vkNTVF2tI4UrN2r6jH1qM/uc/WtxYY1hYoA2dOKj5w=="
  "resolved" "https://registry.npm.taobao.org/supports-color/download/supports-color-5.4.0.tgz?cache=0&sync_timestamp=1606205132132&other_urls=https%3A%2F%2Fregistry.npm.taobao.org%2Fsupports-color%2Fdownload%2Fsupports-color-5.4.0.tgz"
  "version" "5.4.0"
  dependencies:
    "has-flag" "^3.0.0"

"to-iso-string@0.0.2":
  "integrity" "sha1-TcGeZk38y+Jb2NtQiwDG2hWCVdE= sha512-oeHLgfWA7d0CPQa6h0+i5DAJZISz5un0d5SHPkw+Untclcvzv9T+AC3CvGXlZJdOlIbxbTfyyzlqCXc5hjpXYg=="
  "resolved" "https://registry.npm.taobao.org/to-iso-string/download/to-iso-string-0.0.2.tgz"
  "version" "0.0.2"

"typescript@^4.1.3":
  "integrity" "sha1-UZ1YK9lMugz4k0x9joRn5HP1O7c= sha512-B3ZIOf1IKeH2ixgHhj6la6xdwR9QrLC5d1VKeCSY4tvkqhF2eqd9O7txNlS0PO3GrBAFIdr3L1ndNwteUbZLYg=="
  "resolved" "https://registry.npm.taobao.org/typescript/download/typescript-4.1.3.tgz?cache=0&sync_timestamp=1607755290565&other_urls=https%3A%2F%2Fregistry.npm.taobao.org%2Ftypescript%2Fdownload%2Ftypescript-4.1.3.tgz"
  "version" "4.1.3"

"vscode-test@^0.4.1":
  "integrity" "sha1-Rh6/JfxLyT132YKu1VZlii4rkLg= sha512-EkMGqBSefZH2MgW65nY05rdRSko15uvzq4VAPM5jVmwYuFQKE7eikKXNJDRxL+OITXHB6pI+a3XqqD32Y3KC5w=="
  "resolved" "https://registry.npm.taobao.org/vscode-test/download/vscode-test-0.4.3.tgz"
  "version" "0.4.3"
  dependencies:
    "http-proxy-agent" "^2.1.0"
    "https-proxy-agent" "^2.2.1"

"vscode@^1.1.37":
  "integrity" "sha1-wqdwvuS7P/92Xityx7zIE7imuwo= sha512-vJNj6IlN7IJPdMavlQa1KoFB3Ihn06q1AiN3ZFI/HfzPNzbKZWPPuiU+XkpNOfGU5k15m4r80nxNPlM7wcc0wg=="
  "resolved" "https://registry.npm.taobao.org/vscode/download/vscode-1.1.37.tgz"
  "version" "1.1.37"
  dependencies:
    "glob" "^7.1.2"
    "http-proxy-agent" "^4.0.1"
    "https-proxy-agent" "^5.0.0"
    "mocha" "^5.2.0"
    "semver" "^5.4.1"
    "source-map-support" "^0.5.0"
    "vscode-test" "^0.4.1"

"wrappy@1":
  "integrity" "sha1-tSQ9jz7BqjXxNkYFvA0QNuMKtp8="
  "resolved" "https://registry.npm.taobao.org/wrappy/download/wrappy-1.0.2.tgz"
  "version" "1.0.2"
